
Microsoft Visual Studio Solution File, Format Version 12.00
# Visual Studio 15
VisualStudioVersion = 15.0.28010.2036
MinimumVisualStudioVersion = 10.0.40219.1
Project("{FAE04EC0-301F-11D3-BF4B-00C04F79EFBC}") = "CA2WebAPI", "CA2WebAPI\CA2WebAPI.csproj", "{A65B446C-E3A7-420D-8762-E8246806BACC}"
EndProject
Global
	GlobalSection(SolutionConfigurationPlatforms) = preSolution
		Debug|Any CPU = Debug|Any CPU
		Release|Any CPU = Release|Any CPU
	EndGlobalSection
	GlobalSection(ProjectConfigurationPlatforms) = postSolution
		{A65B446C-E3A7-420D-8762-E8246806BACC}.Debug|Any CPU.ActiveCfg = Debug|Any CPU
		{A65B446C-E3A7-420D-8762-E8246806BACC}.Debug|Any CPU.Build.0 = Debug|Any CPU
		{A65B446C-E3A7-420D-8762-E8246806BACC}.Release|Any CPU.ActiveCfg = Release|Any CPU
		{A65B446C-E3A7-420D-8762-E8246806BACC}.Release|Any CPU.Build.0 = Release|Any CPU
	EndGlobalSection
	GlobalSection(SolutionProperties) = preSolution
		HideSolutionNode = FALSE
	EndGlobalSection
	GlobalSection(ExtensibilityGlobals) = postSolution
		SolutionGuid = {6461E2D0-4B97-4126-B3AC-924CE702945E}
	EndGlobalSection
EndGlobal
